{
  "requires": true,
  "lockfileVersion": 1,
  "dependencies": {
    "arr-flatten": {
      "version": "1.1.0",
      "resolved": "https://registry.npm.taobao.org/arr-flatten/download/arr-flatten-1.1.0.tgz",
      "integrity": "sha1-NgSLv/TntH4TZkQxbJlmnqWukfE="
    },
    "arr-union": {
      "version": "3.1.0",
      "resolved": "https://registry.npm.taobao.org/arr-union/download/arr-union-3.1.0.tgz",
      "integrity": "sha1-45sJrqne+Gao8gbiiK9jkZuuOcQ="
    },
    "balanced-match": {
      "version": "1.0.0",
      "resolved": "https://registry.npm.taobao.org/balanced-match/download/balanced-match-1.0.0.tgz",
      "integrity": "sha1-ibTRmasr7kneFk6gK4nORi1xt2c="
    },
    "brace-expansion": {
      "version": "1.1.11",
      "resolved": "https://registry.npm.taobao.org/brace-expansion/download/brace-expansion-1.1.11.tgz",
      "integrity": "sha1-PH/L9SnYcibz0vUrlm/1Jx60Qd0=",
      "requires": {
        "balanced-match": "^1.0.0",
        "concat-map": "0.0.1"
      }
    },
    "collapse-object": {
      "version": "0.1.0",
      "resolved": "https://registry.npm.taobao.org/collapse-object/download/collapse-object-0.1.0.tgz",
      "integrity": "sha1-XFP32jTkZOaXARzm9K7nO4iILBU=",
      "requires": {
        "expand-object": "^0.3.6",
        "kind-of": "^2.0.0",
        "regex-flags": "^0.1.0"
      }
    },
    "collection-visit": {
      "version": "0.1.1",
      "resolved": "https://registry.npm.taobao.org/collection-visit/download/collection-visit-0.1.1.tgz",
      "integrity": "sha1-6m+TfjQHSHJcKBB6Z0VU33WeBww=",
      "requires": {
        "map-visit": "^0.1.0",
        "object-visit": "^0.1.0"
      }
    },
    "command-exists": {
      "version": "1.2.8",
      "resolved": "https://registry.npm.taobao.org/command-exists/download/command-exists-1.2.8.tgz",
      "integrity": "sha1-cVrO/dEiO5ybNxEKFJxjksKFIpE="
    },
    "component-emitter": {
      "version": "1.3.0",
      "resolved": "https://registry.npm.taobao.org/component-emitter/download/component-emitter-1.3.0.tgz",
      "integrity": "sha1-FuQHD7qK4ptnnyIVhT7hgasuq8A="
    },
    "concat-map": {
      "version": "0.0.1",
      "resolved": "https://registry.npm.taobao.org/concat-map/download/concat-map-0.0.1.tgz",
      "integrity": "sha1-2Klr13/Wjfd5OnMDajug1UBdR3s="
    },
    "dashify": {
      "version": "0.1.0",
      "resolved": "https://registry.npm.taobao.org/dashify/download/dashify-0.1.0.tgz",
      "integrity": "sha1-EH2vnMpeMm4wqLOf+lBItmhJIuo="
    },
    "data-store": {
      "version": "0.8.2",
      "resolved": "https://registry.npm.taobao.org/data-store/download/data-store-0.8.2.tgz",
      "integrity": "sha1-jDnIclINB+iVTU/wzy1ztimcXfs=",
      "requires": {
        "collection-visit": "^0.1.1",
        "component-emitter": "^1.2.0",
        "extend-shallow": "^2.0.1",
        "get-value": "^1.1.5",
        "graceful-fs": "^4.1.2",
        "has-own-deep": "^0.1.4",
        "has-value": "^0.2.0",
        "kind-of": "^2.0.0",
        "lazy-cache": "^0.2.2",
        "mkdirp": "^0.5.1",
        "object.omit": "^2.0.0",
        "rimraf": "^2.4.2",
        "set-value": "^0.2.0",
        "union-value": "^0.1.1"
      }
    },
    "expand-object": {
      "version": "0.3.8",
      "resolved": "https://registry.npm.taobao.org/expand-object/download/expand-object-0.3.8.tgz",
      "integrity": "sha1-Dn0Z/Ud1lxpeIpdT3tG1ijSk1y4=",
      "requires": {
        "data-store": "^0.8.0",
        "get-stdin": "^4.0.1",
        "is-number": "^2.0.2",
        "minimist": "^1.1.2",
        "set-value": "^0.2.0"
      }
    },
    "extend-shallow": {
      "version": "2.0.1",
      "resolved": "https://registry.npm.taobao.org/extend-shallow/download/extend-shallow-2.0.1.tgz",
      "integrity": "sha1-Ua99YUrZqfYQ6huvu5idaxxWiQ8=",
      "requires": {
        "is-extendable": "^0.1.0"
      }
    },
    "for-in": {
      "version": "1.0.2",
      "resolved": "https://registry.npm.taobao.org/for-in/download/for-in-1.0.2.tgz",
      "integrity": "sha1-gQaNKVqBQuwKxybG4iAMMPttXoA="
    },
    "for-own": {
      "version": "0.1.5",
      "resolved": "https://registry.npm.taobao.org/for-own/download/for-own-0.1.5.tgz",
      "integrity": "sha1-UmXGgaTylNq78XyVCbZ2OqhFEM4=",
      "requires": {
        "for-in": "^1.0.1"
      }
    },
    "fs.realpath": {
      "version": "1.0.0",
      "resolved": "https://registry.npm.taobao.org/fs.realpath/download/fs.realpath-1.0.0.tgz",
      "integrity": "sha1-FQStJSMVjKpA20onh8sBQRmU6k8="
    },
    "get-stdin": {
      "version": "4.0.1",
      "resolved": "https://registry.npm.taobao.org/get-stdin/download/get-stdin-4.0.1.tgz",
      "integrity": "sha1-uWjGsKBDhDJJAui/Gl3zJXmkUP4="
    },
    "get-value": {
      "version": "1.3.1",
      "resolved": "https://registry.npm.taobao.org/get-value/download/get-value-1.3.1.tgz",
      "integrity": "sha1-isfvTyA4I5KyZGVI+bmtLcbIlkI=",
      "requires": {
        "arr-flatten": "^1.0.1",
        "is-extendable": "^0.1.1",
        "lazy-cache": "^0.2.4",
        "noncharacters": "^1.1.0"
      }
    },
    "gitbook-plugin-katex": {
      "version": "1.1.4",
      "resolved": "https://registry.npm.taobao.org/gitbook-plugin-katex/download/gitbook-plugin-katex-1.1.4.tgz",
      "integrity": "sha1-nTI++t0mw0CFJsXCJ+vbTBEg2aw=",
      "requires": {
        "katex": "0.7.1"
      }
    },
    "glob": {
      "version": "7.1.6",
      "resolved": "https://registry.npm.taobao.org/glob/download/glob-7.1.6.tgz?cache=0&sync_timestamp=1573078079496&other_urls=https%3A%2F%2Fregistry.npm.taobao.org%2Fglob%2Fdownload%2Fglob-7.1.6.tgz",
      "integrity": "sha1-FB8zuBp8JJLhJVlDB0gMRmeSeKY=",
      "requires": {
        "fs.realpath": "^1.0.0",
        "inflight": "^1.0.4",
        "inherits": "2",
        "minimatch": "^3.0.4",
        "once": "^1.3.0",
        "path-is-absolute": "^1.0.0"
      }
    },
    "graceful-fs": {
      "version": "4.2.3",
      "resolved": "https://registry.npm.taobao.org/graceful-fs/download/graceful-fs-4.2.3.tgz",
      "integrity": "sha1-ShL/G2A3bvCYYsIJPt2Qgyi+hCM="
    },
    "has-own-deep": {
      "version": "0.1.4",
      "resolved": "https://registry.npm.taobao.org/has-own-deep/download/has-own-deep-0.1.4.tgz",
      "integrity": "sha1-kesM2ieAgxWPgEKigxZDTpr+eHY="
    },
    "has-value": {
      "version": "0.2.1",
      "resolved": "https://registry.npm.taobao.org/has-value/download/has-value-0.2.1.tgz",
      "integrity": "sha1-27FNoUDUKai81PCJvBkPfbML73A=",
      "requires": {
        "get-value": "^2.0.0",
        "has-values": "^0.1.3"
      },
      "dependencies": {
        "get-value": {
          "version": "2.0.6",
          "resolved": "https://registry.npm.taobao.org/get-value/download/get-value-2.0.6.tgz",
          "integrity": "sha1-3BXKHGcjh8p2vTesCjlbogQqLCg="
        }
      }
    },
    "has-values": {
      "version": "0.1.4",
      "resolved": "https://registry.npm.taobao.org/has-values/download/has-values-0.1.4.tgz",
      "integrity": "sha1-bWHeldkd/Km5oCCJrThL/49it3E="
    },
    "inflight": {
      "version": "1.0.6",
      "resolved": "https://registry.npm.taobao.org/inflight/download/inflight-1.0.6.tgz",
      "integrity": "sha1-Sb1jMdfQLQwJvJEKEHW6gWW1bfk=",
      "requires": {
        "once": "^1.3.0",
        "wrappy": "1"
      }
    },
    "inherits": {
      "version": "2.0.4",
      "resolved": "https://registry.npm.taobao.org/inherits/download/inherits-2.0.4.tgz?cache=0&sync_timestamp=1560975547815&other_urls=https%3A%2F%2Fregistry.npm.taobao.org%2Finherits%2Fdownload%2Finherits-2.0.4.tgz",
      "integrity": "sha1-D6LGT5MpF8NDOg3tVTY6rjdBa3w="
    },
    "is-buffer": {
      "version": "1.1.6",
      "resolved": "https://registry.npm.taobao.org/is-buffer/download/is-buffer-1.1.6.tgz",
      "integrity": "sha1-76ouqdqg16suoTqXsritUf776L4="
    },
    "is-extendable": {
      "version": "0.1.1",
      "resolved": "https://registry.npm.taobao.org/is-extendable/download/is-extendable-0.1.1.tgz",
      "integrity": "sha1-YrEQ4omkcUGOPsNqYX1HLjAd/Ik="
    },
    "is-number": {
      "version": "2.1.0",
      "resolved": "https://registry.npm.taobao.org/is-number/download/is-number-2.1.0.tgz",
      "integrity": "sha1-Afy7s5NGOlSPL0ZszhbezknbkI8=",
      "requires": {
        "kind-of": "^3.0.2"
      },
      "dependencies": {
        "kind-of": {
          "version": "3.2.2",
          "resolved": "https://registry.npm.taobao.org/kind-of/download/kind-of-3.2.2.tgz",
          "integrity": "sha1-MeohpzS6ubuw8yRm2JOupR5KPGQ=",
          "requires": {
            "is-buffer": "^1.1.5"
          }
        }
      }
    },
    "is-primitive": {
      "version": "2.0.0",
      "resolved": "https://registry.npm.taobao.org/is-primitive/download/is-primitive-2.0.0.tgz",
      "integrity": "sha1-IHurkWOEmcB7Kt8kCkGochADRXU="
    },
    "isarray": {
      "version": "1.0.0",
      "resolved": "https://registry.npm.taobao.org/isarray/download/isarray-1.0.0.tgz?cache=0&sync_timestamp=1562592125418&other_urls=https%3A%2F%2Fregistry.npm.taobao.org%2Fisarray%2Fdownload%2Fisarray-1.0.0.tgz",
      "integrity": "sha1-u5NdSFgsuhaMBoNJV6VKPgcSTxE="
    },
    "isobject": {
      "version": "2.1.0",
      "resolved": "https://registry.npm.taobao.org/isobject/download/isobject-2.1.0.tgz",
      "integrity": "sha1-8GVWEJaj8dou9GJy+BXIQNh+DIk=",
      "requires": {
        "isarray": "1.0.0"
      }
    },
    "katex": {
      "version": "0.7.1",
      "resolved": "https://registry.npm.taobao.org/katex/download/katex-0.7.1.tgz",
      "integrity": "sha1-BrtSmO+tBeHnIoA1uo4VkfMGG48=",
      "requires": {
        "match-at": "^0.1.0"
      }
    },
    "kind-of": {
      "version": "2.0.1",
      "resolved": "https://registry.npm.taobao.org/kind-of/download/kind-of-2.0.1.tgz",
      "integrity": "sha1-AY7HpM5+OobLkUG+UZ0kyPqpgbU=",
      "requires": {
        "is-buffer": "^1.0.2"
      }
    },
    "lazy-cache": {
      "version": "0.2.7",
      "resolved": "https://registry.npm.taobao.org/lazy-cache/download/lazy-cache-0.2.7.tgz",
      "integrity": "sha1-f+3fLctu23fRHvHRF6tf/fCrG2U="
    },
    "map-visit": {
      "version": "0.1.5",
      "resolved": "https://registry.npm.taobao.org/map-visit/download/map-visit-0.1.5.tgz",
      "integrity": "sha1-2+Q5J85VJbgN/BVzpE1oxR8mgWs=",
      "requires": {
        "lazy-cache": "^2.0.1",
        "object-visit": "^0.3.4"
      },
      "dependencies": {
        "lazy-cache": {
          "version": "2.0.2",
          "resolved": "https://registry.npm.taobao.org/lazy-cache/download/lazy-cache-2.0.2.tgz",
          "integrity": "sha1-uRkKT5EzVGlIQIWfio9whNiCImQ=",
          "requires": {
            "set-getter": "^0.1.0"
          }
        },
        "object-visit": {
          "version": "0.3.4",
          "resolved": "https://registry.npm.taobao.org/object-visit/download/object-visit-0.3.4.tgz",
          "integrity": "sha1-rhXPhvCy/dVRdxY2RIRSxUw9qCk=",
          "requires": {
            "isobject": "^2.0.0"
          }
        }
      }
    },
    "match-at": {
      "version": "0.1.1",
      "resolved": "https://registry.npm.taobao.org/match-at/download/match-at-0.1.1.tgz",
      "integrity": "sha1-JdBA0pF3dwTV5lVru3kjDsLeBUA="
    },
    "minimatch": {
      "version": "3.0.4",
      "resolved": "https://registry.npm.taobao.org/minimatch/download/minimatch-3.0.4.tgz",
      "integrity": "sha1-UWbihkV/AzBgZL5Ul+jbsMPTIIM=",
      "requires": {
        "brace-expansion": "^1.1.7"
      }
    },
    "minimist": {
      "version": "1.2.0",
      "resolved": "https://registry.npm.taobao.org/minimist/download/minimist-1.2.0.tgz",
      "integrity": "sha1-o1AIsg9BOD7sH7kU9M1d95omQoQ="
    },
    "mkdirp": {
      "version": "0.5.1",
      "resolved": "https://registry.npm.taobao.org/mkdirp/download/mkdirp-0.5.1.tgz?cache=0&other_urls=https%3A%2F%2Fregistry.npm.taobao.org%2Fmkdirp%2Fdownload%2Fmkdirp-0.5.1.tgz",
      "integrity": "sha1-MAV0OOrGz3+MR2fzhkjWaX11yQM=",
      "requires": {
        "minimist": "0.0.8"
      },
      "dependencies": {
        "minimist": {
          "version": "0.0.8",
          "resolved": "https://registry.npm.taobao.org/minimist/download/minimist-0.0.8.tgz",
          "integrity": "sha1-hX/Kv8M5fSYluCKCYuhqp6ARsF0="
        }
      }
    },
    "noncharacters": {
      "version": "1.1.0",
      "resolved": "https://registry.npm.taobao.org/noncharacters/download/noncharacters-1.1.0.tgz",
      "integrity": "sha1-rzPfMP1Q7TxTzSAiWPJa2pC1QNI="
    },
    "object-visit": {
      "version": "0.1.0",
      "resolved": "https://registry.npm.taobao.org/object-visit/download/object-visit-0.1.0.tgz",
      "integrity": "sha1-sbtnSfIo7nbgxC84UdKKFNIzziY=",
      "requires": {
        "isobject": "^1.0.0"
      },
      "dependencies": {
        "isobject": {
          "version": "1.0.2",
          "resolved": "https://registry.npm.taobao.org/isobject/download/isobject-1.0.2.tgz",
          "integrity": "sha1-8Pm4zpLdVA+gdAiC44NaLgIux4o="
        }
      }
    },
    "object.omit": {
      "version": "2.0.1",
      "resolved": "https://registry.npm.taobao.org/object.omit/download/object.omit-2.0.1.tgz",
      "integrity": "sha1-Gpx0SCnznbuFjHbKNXmuKlTr0fo=",
      "requires": {
        "for-own": "^0.1.4",
        "is-extendable": "^0.1.1"
      }
    },
    "once": {
      "version": "1.4.0",
      "resolved": "https://registry.npm.taobao.org/once/download/once-1.4.0.tgz",
      "integrity": "sha1-WDsap3WWHUsROsF9nFC6753Xa9E=",
      "requires": {
        "wrappy": "1"
      }
    },
    "path-is-absolute": {
      "version": "1.0.1",
      "resolved": "https://registry.npm.taobao.org/path-is-absolute/download/path-is-absolute-1.0.1.tgz",
      "integrity": "sha1-F0uSaHNVNP+8es5r9TpanhtcX18="
    },
    "regex-flags": {
      "version": "0.1.0",
      "resolved": "https://registry.npm.taobao.org/regex-flags/download/regex-flags-0.1.0.tgz",
      "integrity": "sha1-NEJ5hCj6rtU7DP7ef1cEQRDtHpQ=",
      "requires": {
        "kind-of": "^2.0.0"
      }
    },
    "rimraf": {
      "version": "2.7.1",
      "resolved": "https://registry.npm.taobao.org/rimraf/download/rimraf-2.7.1.tgz",
      "integrity": "sha1-NXl/E6f9rcVmFCwp1PB8ytSD4+w=",
      "requires": {
        "glob": "^7.1.3"
      }
    },
    "set-getter": {
      "version": "0.1.0",
      "resolved": "https://registry.npm.taobao.org/set-getter/download/set-getter-0.1.0.tgz",
      "integrity": "sha1-12nBgsnVpR9AkUXy+6guXoboA3Y=",
      "requires": {
        "to-object-path": "^0.3.0"
      }
    },
    "set-value": {
      "version": "0.2.0",
      "resolved": "https://registry.npm.taobao.org/set-value/download/set-value-0.2.0.tgz",
      "integrity": "sha1-c7CmglwVjGoWqCu9yVd1vyqCX6s=",
      "requires": {
        "isobject": "^1.0.0",
        "noncharacters": "^1.1.0"
      },
      "dependencies": {
        "isobject": {
          "version": "1.0.2",
          "resolved": "https://registry.npm.taobao.org/isobject/download/isobject-1.0.2.tgz",
          "integrity": "sha1-8Pm4zpLdVA+gdAiC44NaLgIux4o="
        }
      }
    },
    "to-flag": {
      "version": "1.0.0",
      "resolved": "https://registry.npm.taobao.org/to-flag/download/to-flag-1.0.0.tgz",
      "integrity": "sha1-//617zNX88XmTP0h5+FpjQRMg0s=",
      "requires": {
        "collapse-object": "^0.1.0",
        "dashify": "^0.1.0",
        "is-primitive": "^2.0.0"
      }
    },
    "to-flags": {
      "version": "0.2.0",
      "resolved": "https://registry.npm.taobao.org/to-flags/download/to-flags-0.2.0.tgz",
      "integrity": "sha1-7BXCii5gIuclfGWWd61NEkhf9L4=",
      "requires": {
        "to-flag": "^1.0.0"
      }
    },
    "to-object-path": {
      "version": "0.3.0",
      "resolved": "https://registry.npm.taobao.org/to-object-path/download/to-object-path-0.3.0.tgz",
      "integrity": "sha1-KXWIt7Dn4KwI4E5nL4XB9JmeF68=",
      "requires": {
        "kind-of": "^3.0.2"
      },
      "dependencies": {
        "kind-of": {
          "version": "3.2.2",
          "resolved": "https://registry.npm.taobao.org/kind-of/download/kind-of-3.2.2.tgz",
          "integrity": "sha1-MeohpzS6ubuw8yRm2JOupR5KPGQ=",
          "requires": {
            "is-buffer": "^1.1.5"
          }
        }
      }
    },
    "union-value": {
      "version": "0.1.1",
      "resolved": "https://registry.npm.taobao.org/union-value/download/union-value-0.1.1.tgz",
      "integrity": "sha1-aSDlkH7uK/8Rt8f7CYuIi/p8xU8=",
      "requires": {
        "arr-union": "^3.0.0",
        "get-value": "^1.1.5",
        "is-extendable": "^0.1.1",
        "set-value": "^0.2.0"
      }
    },
    "wrappy": {
      "version": "1.0.2",
      "resolved": "https://registry.npm.taobao.org/wrappy/download/wrappy-1.0.2.tgz",
      "integrity": "sha1-tSQ9jz7BqjXxNkYFvA0QNuMKtp8="
    },
    "xtend": {
      "version": "4.0.2",
      "resolved": "https://registry.npm.taobao.org/xtend/download/xtend-4.0.2.tgz",
      "integrity": "sha1-u3J3n1+kZRhrH0OPZ0+jR/2121Q="
    }
  }
}
